{
  "version": 4,
  "terraform_version": "1.8.0",
  "serial": 1035,
  "lineage": "54de9697-9084-2b2b-f1c1-b2b040e12923",
  "outputs": {},
  "resources": [
    {
      "mode": "data",
      "type": "aws_lb",
      "name": "app-elb",
      "provider": "provider[\"registry.terraform.io/hashicorp/aws\"]",
      "instances": [
        {
          "schema_version": 0,
          "attributes": {
            "access_logs": [
              {
                "bucket": "mjy-bucket",
                "enabled": true,
                "prefix": ""
              }
            ],
            "arn": "arn:aws:elasticloadbalancing:us-east-2:992382777416:loadbalancer/app/mjy-prod-app-alb/32c90c68f51af9f7",
            "arn_suffix": "app/mjy-prod-app-alb/32c90c68f51af9f7",
            "client_keep_alive": 3600,
            "connection_logs": [
              {
                "bucket": "",
                "enabled": false,
                "prefix": ""
              }
            ],
            "customer_owned_ipv4_pool": "",
            "desync_mitigation_mode": "defensive",
            "dns_name": "mjy-prod-app-alb-6830786.us-east-2.elb.amazonaws.com",
            "dns_record_client_routing_policy": null,
            "drop_invalid_header_fields": false,
            "enable_cross_zone_load_balancing": true,
            "enable_deletion_protection": false,
            "enable_http2": true,
            "enable_tls_version_and_cipher_suite_headers": false,
            "enable_waf_fail_open": false,
            "enable_xff_client_port": false,
            "enforce_security_group_inbound_rules_on_private_link_traffic": "",
            "id": "arn:aws:elasticloadbalancing:us-east-2:992382777416:loadbalancer/app/mjy-prod-app-alb/32c90c68f51af9f7",
            "idle_timeout": 60,
            "internal": false,
            "ip_address_type": "ipv4",
            "load_balancer_type": "application",
            "name": "mjy-prod-app-alb",
            "preserve_host_header": false,
            "security_groups": [
              "sg-06ba69596387ecd31"
            ],
            "subnet_mapping": [
              {
                "allocation_id": "",
                "ipv6_address": "",
                "outpost_id": "",
                "private_ipv4_address": "",
                "subnet_id": "subnet-07441aaefb317dbc7"
              },
              {
                "allocation_id": "",
                "ipv6_address": "",
                "outpost_id": "",
                "private_ipv4_address": "",
                "subnet_id": "subnet-0b97f5024aaa0e00d"
              }
            ],
            "subnets": [
              "subnet-07441aaefb317dbc7",
              "subnet-0b97f5024aaa0e00d"
            ],
            "tags": {
              "Name": "mjy-prod-app-alb",
              "createDate": "2024 06 01",
              "owner": "mjy"
            },
            "timeouts": null,
            "vpc_id": "vpc-07541b9909f586ea8",
            "xff_header_processing_mode": "append",
            "zone_id": "Z3AADJGX6KTTL2"
          },
          "sensitive_attributes": []
        }
      ]
    },
    {
      "mode": "data",
      "type": "aws_rds_cluster",
      "name": "aurora_cluster",
      "provider": "provider[\"registry.terraform.io/hashicorp/aws\"]",
      "instances": [
        {
          "schema_version": 0,
          "attributes": {
            "arn": "arn:aws:rds:us-east-2:992382777416:cluster:mjy-aurora-cluster",
            "availability_zones": [
              "us-east-2a",
              "us-east-2b",
              "us-east-2c"
            ],
            "backtrack_window": 0,
            "backup_retention_period": 7,
            "cluster_identifier": "mjy-aurora-cluster",
            "cluster_members": [
              "application-autoscaling-d21bd500-8511-4803-b083-dadeea00e760",
              "tf-2024060108375889840000000c"
            ],
            "cluster_resource_id": "cluster-KD7FLM67ZJSP5RYWL6MJMQO4OE",
            "database_name": "fullstack",
            "db_cluster_parameter_group_name": "default.aurora-mysql8.0",
            "db_subnet_group_name": "mjy-db-subnet-group",
            "db_system_id": "",
            "enabled_cloudwatch_logs_exports": [],
            "endpoint": "mjy-aurora-cluster.cluster-cdsy6ycma7gv.us-east-2.rds.amazonaws.com",
            "engine": "aurora-mysql",
            "engine_mode": "provisioned",
            "engine_version": "8.0.mysql_aurora.3.05.2",
            "final_snapshot_identifier": null,
            "hosted_zone_id": "Z2XHWR1WZ565X2",
            "iam_database_authentication_enabled": false,
            "iam_roles": [],
            "id": "mjy-aurora-cluster",
            "kms_key_id": "",
            "master_user_secret": null,
            "master_username": "admin",
            "network_type": "IPV4",
            "port": 3306,
            "preferred_backup_window": "19:00-21:00",
            "preferred_maintenance_window": "sat:05:03-sat:05:33",
            "reader_endpoint": "mjy-aurora-cluster.cluster-ro-cdsy6ycma7gv.us-east-2.rds.amazonaws.com",
            "replication_source_identifier": "",
            "storage_encrypted": false,
            "tags": {
              "Name": "MJY_AURORA",
              "createDate": "2024 06 01",
              "owner": "mjy"
            },
            "vpc_security_group_ids": [
              "sg-0221b80c09ba609e9"
            ]
          },
          "sensitive_attributes": []
        }
      ]
    },
    {
      "module": "module.ecs",
      "mode": "data",
      "type": "aws_iam_role",
      "name": "task-execution",
      "provider": "provider[\"registry.terraform.io/hashicorp/aws\"]",
      "instances": [
        {
          "schema_version": 0,
          "attributes": {
            "arn": "arn:aws:iam::992382777416:role/mjy-task-execution-policy",
            "assume_role_policy": "{\"Version\":\"2012-10-17\",\"Statement\":[{\"Sid\":\"\",\"Effect\":\"Allow\",\"Principal\":{\"Service\":\"ecs-tasks.amazonaws.com\"},\"Action\":\"sts:AssumeRole\"}]}",
            "create_date": "2024-05-14T16:03:36Z",
            "description": "Allows ECS tasks to call AWS services on your behalf.",
            "id": "mjy-task-execution-policy",
            "max_session_duration": 3600,
            "name": "mjy-task-execution-policy",
            "path": "/",
            "permissions_boundary": "",
            "role_last_used": [
              {
                "last_used_date": "2024-06-18T17:18:51Z",
                "region": "us-east-2"
              }
            ],
            "tags": {},
            "unique_id": "AROA6ODU7PBEAOO6KO3UF"
          },
          "sensitive_attributes": []
        }
      ]
    },
    {
      "module": "module.ecs",
      "mode": "data",
      "type": "aws_lb_target_group",
      "name": "app-tg",
      "provider": "provider[\"registry.terraform.io/hashicorp/aws\"]",
      "instances": [
        {
          "schema_version": 0,
          "attributes": {
            "arn": "arn:aws:elasticloadbalancing:us-east-2:992382777416:targetgroup/mjy-prod-app-tg-blue/c71e23ff914ed7b4",
            "arn_suffix": "targetgroup/mjy-prod-app-tg-blue/c71e23ff914ed7b4",
            "connection_termination": null,
            "deregistration_delay": "300",
            "health_check": [
              {
                "enabled": true,
                "healthy_threshold": 5,
                "interval": 10,
                "matcher": "200",
                "path": "/",
                "port": "traffic-port",
                "protocol": "HTTP",
                "timeout": 5,
                "unhealthy_threshold": 2
              }
            ],
            "id": "arn:aws:elasticloadbalancing:us-east-2:992382777416:targetgroup/mjy-prod-app-tg-blue/c71e23ff914ed7b4",
            "lambda_multi_value_headers_enabled": null,
            "load_balancer_arns": [],
            "load_balancing_algorithm_type": "round_robin",
            "load_balancing_anomaly_mitigation": "off",
            "load_balancing_cross_zone_enabled": "use_load_balancer_configuration",
            "name": "mjy-prod-app-tg-blue",
            "port": 8080,
            "preserve_client_ip": null,
            "protocol": "HTTP",
            "protocol_version": "HTTP1",
            "proxy_protocol_v2": null,
            "slow_start": 0,
            "stickiness": [
              {
                "cookie_duration": 86400,
                "cookie_name": "",
                "enabled": false,
                "type": "lb_cookie"
              }
            ],
            "tags": {
              "Name": "mjy-prod-app-tg-blue",
              "createDate": "2024 06 01",
              "owner": "mjy"
            },
            "target_type": "ip",
            "timeouts": null,
            "vpc_id": "vpc-07541b9909f586ea8"
          },
          "sensitive_attributes": []
        }
      ]
    },
    {
      "module": "module.ecs",
      "mode": "data",
      "type": "aws_security_group",
      "name": "app-sg",
      "provider": "provider[\"registry.terraform.io/hashicorp/aws\"]",
      "instances": [
        {
          "schema_version": 0,
          "attributes": {
            "arn": "arn:aws:ec2:us-east-2:992382777416:security-group/sg-068dfec83f54f223b",
            "description": "app-container sg",
            "filter": [
              {
                "name": "tag:Name",
                "values": [
                  "mjy-prod-app-sg"
                ]
              }
            ],
            "id": "sg-068dfec83f54f223b",
            "name": "terraform-2024060108363485950000000a",
            "tags": {
              "Name": "mjy-prod-app-sg"
            },
            "timeouts": null,
            "vpc_id": "vpc-07541b9909f586ea8"
          },
          "sensitive_attributes": []
        }
      ]
    },
    {
      "module": "module.ecs",
      "mode": "data",
      "type": "aws_subnets",
      "name": "app-subnets",
      "provider": "provider[\"registry.terraform.io/hashicorp/aws\"]",
      "instances": [
        {
          "schema_version": 0,
          "attributes": {
            "filter": [
              {
                "name": "tag:Name",
                "values": [
                  "PrivateSubnet3",
                  "PrivateSubnet4"
                ]
              }
            ],
            "id": "us-east-2",
            "ids": [
              "subnet-08f27327e56fc27d9",
              "subnet-01f02cf3bd90d7c09"
            ],
            "tags": null,
            "timeouts": null
          },
          "sensitive_attributes": []
        }
      ]
    },
    {
      "module": "module.ecs",
      "mode": "managed",
      "type": "aws_appautoscaling_policy",
      "name": "scale_up",
      "provider": "provider[\"registry.terraform.io/hashicorp/aws\"]",
      "instances": [
        {
          "schema_version": 0,
          "attributes": {
            "alarm_arns": [
              "arn:aws:cloudwatch:us-east-2:992382777416:alarm:TargetTracking-service/mjy-app-cluster/mjy-app-service-AlarmHigh-00ec4528-2355-413b-ac18-bb7cd97d013b",
              "arn:aws:cloudwatch:us-east-2:992382777416:alarm:TargetTracking-service/mjy-app-cluster/mjy-app-service-AlarmLow-86275a64-4871-47b5-94c9-a8a2abb0f979"
            ],
            "arn": "arn:aws:autoscaling:us-east-2:992382777416:scalingPolicy:75315f8f-87ce-4b3e-9d33-bc26791a68aa:resource/ecs/service/mjy-app-cluster/mjy-app-service:policyName/scale-up",
            "id": "scale-up",
            "name": "scale-up",
            "policy_type": "TargetTrackingScaling",
            "resource_id": "service/mjy-app-cluster/mjy-app-service",
            "scalable_dimension": "ecs:service:DesiredCount",
            "service_namespace": "ecs",
            "step_scaling_policy_configuration": [],
            "target_tracking_scaling_policy_configuration": [
              {
                "customized_metric_specification": [],
                "disable_scale_in": false,
                "predefined_metric_specification": [
                  {
                    "predefined_metric_type": "ECSServiceAverageCPUUtilization",
                    "resource_label": ""
                  }
                ],
                "scale_in_cooldown": 300,
                "scale_out_cooldown": 300,
                "target_value": 75
              }
            ]
          },
          "sensitive_attributes": [],
          "private": "bnVsbA==",
          "dependencies": [
            "data.aws_rds_cluster.aurora_cluster",
            "module.ecs.aws_appautoscaling_target.ecs_target",
            "module.ecs.aws_ecs_cluster.app_cluster",
            "module.ecs.aws_ecs_service.app-service",
            "module.ecs.aws_ecs_task_definition.app_task_definition",
            "module.ecs.data.aws_iam_role.task-execution",
            "module.ecs.data.aws_lb_target_group.app-tg",
            "module.ecs.data.aws_security_group.app-sg",
            "module.ecs.data.aws_subnets.app-subnets"
          ]
        }
      ]
    },
    {
      "module": "module.ecs",
      "mode": "managed",
      "type": "aws_appautoscaling_target",
      "name": "ecs_target",
      "provider": "provider[\"registry.terraform.io/hashicorp/aws\"]",
      "instances": [
        {
          "schema_version": 0,
          "attributes": {
            "arn": "arn:aws:application-autoscaling:us-east-2:992382777416:scalable-target/0ec575315f8f87ce4b3e9d33bc26791a68aa",
            "id": "service/mjy-app-cluster/mjy-app-service",
            "max_capacity": 10,
            "min_capacity": 1,
            "resource_id": "service/mjy-app-cluster/mjy-app-service",
            "role_arn": "arn:aws:iam::992382777416:role/aws-service-role/ecs.application-autoscaling.amazonaws.com/AWSServiceRoleForApplicationAutoScaling_ECSService",
            "scalable_dimension": "ecs:service:DesiredCount",
            "service_namespace": "ecs",
            "tags": null,
            "tags_all": {}
          },
          "sensitive_attributes": [],
          "private": "bnVsbA==",
          "dependencies": [
            "data.aws_rds_cluster.aurora_cluster",
            "module.ecs.aws_ecs_cluster.app_cluster",
            "module.ecs.aws_ecs_service.app-service",
            "module.ecs.aws_ecs_task_definition.app_task_definition",
            "module.ecs.data.aws_iam_role.task-execution",
            "module.ecs.data.aws_lb_target_group.app-tg",
            "module.ecs.data.aws_security_group.app-sg",
            "module.ecs.data.aws_subnets.app-subnets"
          ]
        }
      ]
    },
    {
      "module": "module.ecs",
      "mode": "managed",
      "type": "aws_ecs_cluster",
      "name": "app_cluster",
      "provider": "provider[\"registry.terraform.io/hashicorp/aws\"]",
      "instances": [
        {
          "schema_version": 0,
          "attributes": {
            "arn": "arn:aws:ecs:us-east-2:992382777416:cluster/mjy-app-cluster",
            "configuration": [],
            "id": "arn:aws:ecs:us-east-2:992382777416:cluster/mjy-app-cluster",
            "name": "mjy-app-cluster",
            "service_connect_defaults": [],
            "setting": [
              {
                "name": "containerInsights",
                "value": "enabled"
              }
            ],
            "tags": {
              "Name": "mjy-app-cluster",
              "createDate": "2024 06 18",
              "owner": "mjy"
            },
            "tags_all": {
              "Name": "mjy-app-cluster",
              "createDate": "2024 06 18",
              "owner": "mjy"
            }
          },
          "sensitive_attributes": [],
          "private": "bnVsbA=="
        }
      ]
    },
    {
      "module": "module.ecs",
      "mode": "managed",
      "type": "aws_ecs_service",
      "name": "app-service",
      "provider": "provider[\"registry.terraform.io/hashicorp/aws\"]",
      "instances": [
        {
          "schema_version": 0,
          "attributes": {
            "alarms": [],
            "capacity_provider_strategy": [],
            "cluster": "arn:aws:ecs:us-east-2:992382777416:cluster/mjy-app-cluster",
            "deployment_circuit_breaker": [
              {
                "enable": false,
                "rollback": false
              }
            ],
            "deployment_controller": [
              {
                "type": "ECS"
              }
            ],
            "deployment_maximum_percent": 200,
            "deployment_minimum_healthy_percent": 100,
            "desired_count": 1,
            "enable_ecs_managed_tags": false,
            "enable_execute_command": false,
            "force_new_deployment": null,
            "health_check_grace_period_seconds": 0,
            "iam_role": "/aws-service-role/ecs.amazonaws.com/AWSServiceRoleForECS",
            "id": "arn:aws:ecs:us-east-2:992382777416:service/mjy-app-cluster/mjy-app-service",
            "launch_type": "FARGATE",
            "load_balancer": [
              {
                "container_name": "mjy-app",
                "container_port": 8080,
                "elb_name": "",
                "target_group_arn": "arn:aws:elasticloadbalancing:us-east-2:992382777416:targetgroup/mjy-prod-app-tg-blue/c71e23ff914ed7b4"
              }
            ],
            "name": "mjy-app-service",
            "network_configuration": [
              {
                "assign_public_ip": false,
                "security_groups": [
                  "sg-068dfec83f54f223b"
                ],
                "subnets": [
                  "subnet-01f02cf3bd90d7c09",
                  "subnet-08f27327e56fc27d9"
                ]
              }
            ],
            "ordered_placement_strategy": [],
            "placement_constraints": [],
            "platform_version": "LATEST",
            "propagate_tags": "NONE",
            "scheduling_strategy": "REPLICA",
            "service_connect_configuration": [],
            "service_registries": [],
            "tags": {
              "Name": "mjy-app-service",
              "createDate": "2024 06 18",
              "owner": "mjy"
            },
            "tags_all": {
              "Name": "mjy-app-service",
              "createDate": "2024 06 18",
              "owner": "mjy"
            },
            "task_definition": "arn:aws:ecs:us-east-2:992382777416:task-definition/app-task-family:81",
            "timeouts": null,
            "triggers": {},
            "wait_for_steady_state": false
          },
          "sensitive_attributes": [],
          "private": "eyJlMmJmYjczMC1lY2FhLTExZTYtOGY4OC0zNDM2M2JjN2M0YzAiOnsiY3JlYXRlIjoxMjAwMDAwMDAwMDAwLCJkZWxldGUiOjEyMDAwMDAwMDAwMDAsInVwZGF0ZSI6MTIwMDAwMDAwMDAwMH19",
          "dependencies": [
            "data.aws_rds_cluster.aurora_cluster",
            "module.ecs.aws_ecs_cluster.app_cluster",
            "module.ecs.aws_ecs_task_definition.app_task_definition",
            "module.ecs.data.aws_iam_role.task-execution",
            "module.ecs.data.aws_lb_target_group.app-tg",
            "module.ecs.data.aws_security_group.app-sg",
            "module.ecs.data.aws_subnets.app-subnets"
          ]
        }
      ]
    },
    {
      "module": "module.ecs",
      "mode": "managed",
      "type": "aws_ecs_task_definition",
      "name": "app_task_definition",
      "provider": "provider[\"registry.terraform.io/hashicorp/aws\"]",
      "instances": [
        {
          "schema_version": 1,
          "attributes": {
            "arn": "arn:aws:ecs:us-east-2:992382777416:task-definition/app-task-family:81",
            "arn_without_revision": "arn:aws:ecs:us-east-2:992382777416:task-definition/app-task-family",
            "container_definitions": "[{\"cpu\":256,\"environment\":[{\"name\":\"db_endpoint\",\"value\":\"mjy-aurora-cluster.cluster-cdsy6ycma7gv.us-east-2.rds.amazonaws.com\"}],\"essential\":true,\"image\":\"lygerin14/test:app-deploy\",\"memory\":512,\"mountPoints\":[],\"name\":\"mjy-app\",\"portMappings\":[{\"containerPort\":8080,\"hostPort\":8080,\"protocol\":\"tcp\"}],\"systemControls\":[],\"volumesFrom\":[]}]",
            "cpu": "1024",
            "ephemeral_storage": [],
            "execution_role_arn": "arn:aws:iam::992382777416:role/mjy-task-execution-policy",
            "family": "app-task-family",
            "id": "app-task-family",
            "inference_accelerator": [],
            "ipc_mode": "",
            "memory": "2048",
            "network_mode": "awsvpc",
            "pid_mode": "",
            "placement_constraints": [],
            "proxy_configuration": [],
            "requires_compatibilities": [
              "FARGATE"
            ],
            "revision": 81,
            "runtime_platform": [
              {
                "cpu_architecture": "X86_64",
                "operating_system_family": "LINUX"
              }
            ],
            "skip_destroy": false,
            "tags": {
              "Name": "mjy-app-task",
              "createDate": "2024 06 18",
              "owner": "mjy"
            },
            "tags_all": {
              "Name": "mjy-app-task",
              "createDate": "2024 06 18",
              "owner": "mjy"
            },
            "task_role_arn": "",
            "track_latest": false,
            "volume": []
          },
          "sensitive_attributes": [],
          "private": "eyJzY2hlbWFfdmVyc2lvbiI6IjEifQ==",
          "dependencies": [
            "data.aws_rds_cluster.aurora_cluster",
            "module.ecs.aws_ecs_cluster.app_cluster",
            "module.ecs.data.aws_iam_role.task-execution"
          ]
        }
      ]
    }
  ],
  "check_results": null
}
